
Microsoft Visual Studio Solution File, Format Version 12.00
# Visual Studio Version 17
VisualStudioVersion = 17.6.33829.357
MinimumVisualStudioVersion = 10.0.40219.1
Project("{FAE04EC0-301F-11D3-BF4B-00C04F79EFBC}") = "E-Bank", "E-Bank\E-Bank.csproj", "{9AF73EC1-1FF4-41CA-A51B-065A9202C2D5}"
EndProject
Global
	GlobalSection(SolutionConfigurationPlatforms) = preSolution
		Debug|Any CPU = Debug|Any CPU
		Release|Any CPU = Release|Any CPU
	EndGlobalSection
	GlobalSection(ProjectConfigurationPlatforms) = postSolution
		{9AF73EC1-1FF4-41CA-A51B-065A9202C2D5}.Debug|Any CPU.ActiveCfg = Debug|Any CPU
		{9AF73EC1-1FF4-41CA-A51B-065A9202C2D5}.Debug|Any CPU.Build.0 = Debug|Any CPU
		{9AF73EC1-1FF4-41CA-A51B-065A9202C2D5}.Release|Any CPU.ActiveCfg = Release|Any CPU
		{9AF73EC1-1FF4-41CA-A51B-065A9202C2D5}.Release|Any CPU.Build.0 = Release|Any CPU
	EndGlobalSection
	GlobalSection(SolutionProperties) = preSolution
		HideSolutionNode = FALSE
	EndGlobalSection
	GlobalSection(ExtensibilityGlobals) = postSolution
		SolutionGuid = {9336DA8E-3501-4048-B437-9E4B4A65F6DD}
	EndGlobalSection
EndGlobal
